// !$*UTF8*$!
{
	archiveVersion = 1;
	classes = {
	};
	objectVersion = 77;
	objects = {

/* Begin PBXContainerItemProxy section */
		490290742C9C23290090BF87 /* PBXContainerItemProxy */ = {
			isa = PBXContainerItemProxy;
			containerPortal = 490290552C9C23280090BF87 /* Project object */;
			proxyType = 1;
			remoteGlobalIDString = 4902905C2C9C23280090BF87;
			remoteInfo = MasteringUIKit;
		};
		4902907E2C9C23290090BF87 /* PBXContainerItemProxy */ = {
			isa = PBXContainerItemProxy;
			containerPortal = 490290552C9C23280090BF87 /* Project object */;
			proxyType = 1;
			remoteGlobalIDString = 4902905C2C9C23280090BF87;
			remoteInfo = MasteringUIKit;
		};
/* End PBXContainerItemProxy section */

/* Begin PBXFileReference section */
		4902905D2C9C23280090BF87 /* MasteringUIKit.app */ = {isa = PBXFileReference; explicitFileType = wrapper.application; includeInIndex = 0; path = MasteringUIKit.app; sourceTree = BUILT_PRODUCTS_DIR; };
		490290732C9C23290090BF87 /* MasteringUIKitTests.xctest */ = {isa = PBXFileReference; explicitFileType = wrapper.cfbundle; includeInIndex = 0; path = MasteringUIKitTests.xctest; sourceTree = BUILT_PRODUCTS_DIR; };
		4902907D2C9C23290090BF87 /* MasteringUIKitUITests.xctest */ = {isa = PBXFileReference; explicitFileType = wrapper.cfbundle; includeInIndex = 0; path = MasteringUIKitUITests.xctest; sourceTree = BUILT_PRODUCTS_DIR; };
/* End PBXFileReference section */

/* Begin PBXFileSystemSynchronizedBuildFileExceptionSet section */
		490290852C9C23290090BF87 /* Exceptions for "MasteringUIKit" folder in "MasteringUIKit" target */ = {
			isa = PBXFileSystemSynchronizedBuildFileExceptionSet;
			membershipExceptions = (
				Resources/Info.plist,
			);
			target = 4902905C2C9C23280090BF87 /* MasteringUIKit */;
		};
/* End PBXFileSystemSynchronizedBuildFileExceptionSet section */

/* Begin PBXFileSystemSynchronizedRootGroup section */
		4902905F2C9C23280090BF87 /* MasteringUIKit */ = {
			isa = PBXFileSystemSynchronizedRootGroup;
			exceptions = (
				490290852C9C23290090BF87 /* Exceptions for "MasteringUIKit" folder in "MasteringUIKit" target */,
			);
			path = MasteringUIKit;
			sourceTree = "<group>";
		};
		490290762C9C23290090BF87 /* MasteringUIKitTests */ = {
			isa = PBXFileSystemSynchronizedRootGroup;
			path = MasteringUIKitTests;
			sourceTree = "<group>";
		};
		490290802C9C23290090BF87 /* MasteringUIKitUITests */ = {
			isa = PBXFileSystemSynchronizedRootGroup;
			path = MasteringUIKitUITests;
			sourceTree = "<group>";
		};
/* End PBXFileSystemSynchronizedRootGroup section */

/* Begin PBXFrameworksBuildPhase section */
		4902905A2C9C23280090BF87 /* Frameworks */ = {
			isa = PBXFrameworksBuildPhase;
			buildActionMask = 2147483647;
			files = (
			);
			runOnlyForDeploymentPostprocessing = 0;
		};
		490290702C9C23290090BF87 /* Frameworks */ = {
			isa = PBXFrameworksBuildPhase;
			buildActionMask = 2147483647;
			files = (
			);
			runOnlyForDeploymentPostprocessing = 0;
		};
		4902907A2C9C23290090BF87 /* Frameworks */ = {
			isa = PBXFrameworksBuildPhase;
			buildActionMask = 2147483647;
			files = (
			);
			runOnlyForDeploymentPostprocessing = 0;
		};
/* End PBXFrameworksBuildPhase section */

/* Begin PBXGroup section */
		490290542C9C23280090BF87 = {
			isa = PBXGroup;
			children = (
				4902905F2C9C23280090BF87 /* MasteringUIKit */,
				490290762C9C23290090BF87 /* MasteringUIKitTests */,
				490290802C9C23290090BF87 /* MasteringUIKitUITests */,
				4902905E2C9C23280090BF87 /* Products */,
			);
			sourceTree = "<group>";
		};
		4902905E2C9C23280090BF87 /* Products */ = {
			isa = PBXGroup;
			children = (
				4902905D2C9C23280090BF87 /* MasteringUIKit.app */,
				490290732C9C23290090BF87 /* MasteringUIKitTests.xctest */,
				4902907D2C9C23290090BF87 /* MasteringUIKitUITests.xctest */,
			);
			name = Products;
			sourceTree = "<group>";
		};
/* End PBXGroup section */

/* Begin PBXNativeTarget section */
		4902905C2C9C23280090BF87 /* MasteringUIKit */ = {
			isa = PBXNativeTarget;
			buildConfigurationList = 490290862C9C23290090BF87 /* Build configuration list for PBXNativeTarget "MasteringUIKit" */;
			buildPhases = (
				490290592C9C23280090BF87 /* Sources */,
				4902905A2C9C23280090BF87 /* Frameworks */,
				4902905B2C9C23280090BF87 /* Resources */,
			);
			buildRules = (
			);
			dependencies = (
			);
			fileSystemSynchronizedGroups = (
				4902905F2C9C23280090BF87 /* MasteringUIKit */,
			);
			name = MasteringUIKit;
			packageProductDependencies = (
			);
			productName = MasteringUIKit;
			productReference = 4902905D2C9C23280090BF87 /* MasteringUIKit.app */;
			productType = "com.apple.product-type.application";
		};
		490290722C9C23290090BF87 /* MasteringUIKitTests */ = {
			isa = PBXNativeTarget;
			buildConfigurationList = 4902908B2C9C23290090BF87 /* Build configuration list for PBXNativeTarget "MasteringUIKitTests" */;
			buildPhases = (
				4902906F2C9C23290090BF87 /* Sources */,
				490290702C9C23290090BF87 /* Frameworks */,
				490290712C9C23290090BF87 /* Resources */,
			);
			buildRules = (
			);
			dependencies = (
				490290752C9C23290090BF87 /* PBXTargetDependency */,
			);
			fileSystemSynchronizedGroups = (
				490290762C9C23290090BF87 /* MasteringUIKitTests */,
			);
			name = MasteringUIKitTests;
			packageProductDependencies = (
			);
			productName = MasteringUIKitTests;
			productReference = 490290732C9C23290090BF87 /* MasteringUIKitTests.xctest */;
			productType = "com.apple.product-type.bundle.unit-test";
		};
		4902907C2C9C23290090BF87 /* MasteringUIKitUITests */ = {
			isa = PBXNativeTarget;
			buildConfigurationList = 4902908E2C9C23290090BF87 /* Build configuration list for PBXNativeTarget "MasteringUIKitUITests" */;
			buildPhases = (
				490290792C9C23290090BF87 /* Sources */,
				4902907A2C9C23290090BF87 /* Frameworks */,
				4902907B2C9C23290090BF87 /* Resources */,
			);
			buildRules = (
			);
			dependencies = (
				4902907F2C9C23290090BF87 /* PBXTargetDependency */,
			);
			fileSystemSynchronizedGroups = (
				490290802C9C23290090BF87 /* MasteringUIKitUITests */,
			);
			name = MasteringUIKitUITests;
			packageProductDependencies = (
			);
			productName = MasteringUIKitUITests;
			productReference = 4902907D2C9C23290090BF87 /* MasteringUIKitUITests.xctest */;
			productType = "com.apple.product-type.bundle.ui-testing";
		};
/* End PBXNativeTarget section */

/* Begin PBXProject section */
		490290552C9C23280090BF87 /* Project object */ = {
			isa = PBXProject;
			attributes = {
				BuildIndependentTargetsInParallel = 1;
				LastSwiftUpdateCheck = 1600;
				LastUpgradeCheck = 1600;
				TargetAttributes = {
					4902905C2C9C23280090BF87 = {
						CreatedOnToolsVersion = 16.0;
					};
					490290722C9C23290090BF87 = {
						CreatedOnToolsVersion = 16.0;
						TestTargetID = 4902905C2C9C23280090BF87;
					};
					4902907C2C9C23290090BF87 = {
						CreatedOnToolsVersion = 16.0;
						TestTargetID = 4902905C2C9C23280090BF87;
					};
				};
			};
			buildConfigurationList = 490290582C9C23280090BF87 /* Build configuration list for PBXProject "MasteringUIKit" */;
			developmentRegion = en;
			hasScannedForEncodings = 0;
			knownRegions = (
				en,
				Base,
			);
			mainGroup = 490290542C9C23280090BF87;
			minimizedProjectReferenceProxies = 1;
			preferredProjectObjectVersion = 77;
			productRefGroup = 4902905E2C9C23280090BF87 /* Products */;
			projectDirPath = "";
			projectRoot = "";
			targets = (
				4902905C2C9C23280090BF87 /* MasteringUIKit */,
				490290722C9C23290090BF87 /* MasteringUIKitTests */,
				4902907C2C9C23290090BF87 /* MasteringUIKitUITests */,
			);
		};
/* End PBXProject section */

/* Begin PBXResourcesBuildPhase section */
		4902905B2C9C23280090BF87 /* Resources */ = {
			isa = PBXResourcesBuildPhase;
			buildActionMask = 2147483647;
			files = (
			);
			runOnlyForDeploymentPostprocessing = 0;
		};
		490290712C9C23290090BF87 /* Resources */ = {
			isa = PBXResourcesBuildPhase;
			buildActionMask = 2147483647;
			files = (
			);
			runOnlyForDeploymentPostprocessing = 0;
		};
		4902907B2C9C23290090BF87 /* Resources */ = {
			isa = PBXResourcesBuildPhase;
			buildActionMask = 2147483647;
			files = (
			);
			runOnlyForDeploymentPostprocessing = 0;
		};
/* End PBXResourcesBuildPhase section */

/* Begin PBXSourcesBuildPhase section */
		490290592C9C23280090BF87 /* Sources */ = {
			isa = PBXSourcesBuildPhase;
			buildActionMask = 2147483647;
			files = (
			);
			runOnlyForDeploymentPostprocessing = 0;
		};
		4902906F2C9C23290090BF87 /* Sources */ = {
			isa = PBXSourcesBuildPhase;
			buildActionMask = 2147483647;
			files = (
			);
			runOnlyForDeploymentPostprocessing = 0;
		};
		490290792C9C23290090BF87 /* Sources */ = {
			isa = PBXSourcesBuildPhase;
			buildActionMask = 2147483647;
			files = (
			);
			runOnlyForDeploymentPostprocessing = 0;
		};
/* End PBXSourcesBuildPhase section */

/* Begin PBXTargetDependency section */
		490290752C9C23290090BF87 /* PBXTargetDependency */ = {
			isa = PBXTargetDependency;
			target = 4902905C2C9C23280090BF87 /* MasteringUIKit */;
			targetProxy = 490290742C9C23290090BF87 /* PBXContainerItemProxy */;
		};
		4902907F2C9C23290090BF87 /* PBXTargetDependency */ = {
			isa = PBXTargetDependency;
			target = 4902905C2C9C23280090BF87 /* MasteringUIKit */;
			targetProxy = 4902907E2C9C23290090BF87 /* PBXContainerItemProxy */;
		};
/* End PBXTargetDependency section */

/* Begin XCBuildConfiguration section */
		490290872C9C23290090BF87 /* Debug */ = {
			isa = XCBuildConfiguration;
			buildSettings = {
				ASSETCATALOG_COMPILER_APPICON_NAME = AppIcon;
				ASSETCATALOG_COMPILER_GLOBAL_ACCENT_COLOR_NAME = AccentColor;
				CODE_SIGN_STYLE = Automatic;
				CURRENT_PROJECT_VERSION = 1;
				DEVELOPMENT_TEAM = 7GQ9536ARF;
				GENERATE_INFOPLIST_FILE = YES;
				INFOPLIST_FILE = MasteringUIKit/Resources/Info.plist;
				INFOPLIST_KEY_UIApplicationSupportsIndirectInputEvents = YES;
				INFOPLIST_KEY_UILaunchStoryboardName = LaunchScreen;
				INFOPLIST_KEY_UIMainStoryboardFile = Main;
				INFOPLIST_KEY_UISupportedInterfaceOrientations_iPad = "UIInterfaceOrientationPortrait UIInterfaceOrientationPortraitUpsideDown UIInterfaceOrientationLandscapeLeft UIInterfaceOrientationLandscapeRight";
				INFOPLIST_KEY_UISupportedInterfaceOrientations_iPhone = "UIInterfaceOrientationPortrait UIInterfaceOrientationLandscapeLeft UIInterfaceOrientationLandscapeRight";
				LD_RUNPATH_SEARCH_PATHS = (
					"$(inherited)",
					"@executable_path/Frameworks",
				);
				MARKETING_VERSION = 1.0;
				PRODUCT_BUNDLE_IDENTIFIER = comkkme.MasteringUIKit;
				PRODUCT_NAME = "$(TARGET_NAME)";
				SWIFT_EMIT_LOC_STRINGS = YES;
				SWIFT_VERSION = 5.0;
				TARGETED_DEVICE_FAMILY = "1,2";
			};
			name = Debug;
		};
		490290882C9C23290090BF87 /* Release */ = {
			isa = XCBuildConfiguration;
			buildSettings = {
				ASSETCATALOG_COMPILER_APPICON_NAME = AppIcon;
				ASSETCATALOG_COMPILER_GLOBAL_ACCENT_COLOR_NAME = AccentColor;
				CODE_SIGN_STYLE = Automatic;
				CURRENT_PROJECT_VERSION = 1;
				DEVELOPMENT_TEAM = 7GQ9536ARF;
				GENERATE_INFOPLIST_FILE = YES;
				INFOPLIST_FILE = MasteringUIKit/Resources/Info.plist;
				INFOPLIST_KEY_UIApplicationSupportsIndirectInputEvents = YES;
				INFOPLIST_KEY_UILaunchStoryboardName = LaunchScreen;
				INFOPLIST_KEY_UIMainStoryboardFile = Main;
				INFOPLIST_KEY_UISupportedInterfaceOrientations_iPad = "UIInterfaceOrientationPortrait UIInterfaceOrientationPortraitUpsideDown UIInterfaceOrientationLandscapeLeft UIInterfaceOrientationLandscapeRight";
				INFOPLIST_KEY_UISupportedInterfaceOrientations_iPhone = "UIInterfaceOrientationPortrait UIInterfaceOrientationLandscapeLeft UIInterfaceOrientationLandscapeRight";
				LD_RUNPATH_SEARCH_PATHS = (
					"$(inherited)",
					"@executable_path/Frameworks",
				);
				MARKETING_VERSION = 1.0;
				PRODUCT_BUNDLE_IDENTIFIER = comkkme.MasteringUIKit;
				PRODUCT_NAME = "$(TARGET_NAME)";
				SWIFT_EMIT_LOC_STRINGS = YES;
				SWIFT_VERSION = 5.0;
				TARGETED_DEVICE_FAMILY = "1,2";
			};
			name = Release;
		};
		490290892C9C23290090BF87 /* Debug */ = {
			isa = XCBuildConfiguration;
			buildSettings = {
				ALWAYS_SEARCH_USER_PATHS = NO;
				ASSETCATALOG_COMPILER_GENERATE_SWIFT_ASSET_SYMBOL_EXTENSIONS = YES;
				CLANG_ANALYZER_NONNULL = YES;
				CLANG_ANALYZER_NUMBER_OBJECT_CONVERSION = YES_AGGRESSIVE;
				CLANG_CXX_LANGUAGE_STANDARD = "gnu++20";
				CLANG_ENABLE_MODULES = YES;
				CLANG_ENABLE_OBJC_ARC = YES;
				CLANG_ENABLE_OBJC_WEAK = YES;
				CLANG_WARN_BLOCK_CAPTURE_AUTORELEASING = YES;
				CLANG_WARN_BOOL_CONVERSION = YES;
				CLANG_WARN_COMMA = YES;
				CLANG_WARN_CONSTANT_CONVERSION = YES;
				CLANG_WARN_DEPRECATED_OBJC_IMPLEMENTATIONS = YES;
				CLANG_WARN_DIRECT_OBJC_ISA_USAGE = YES_ERROR;
				CLANG_WARN_DOCUMENTATION_COMMENTS = YES;
				CLANG_WARN_EMPTY_BODY = YES;
				CLANG_WARN_ENUM_CONVERSION = YES;
				CLANG_WARN_INFINITE_RECURSION = YES;
				CLANG_WARN_INT_CONVERSION = YES;
				CLANG_WARN_NON_LITERAL_NULL_CONVERSION = YES;
				CLANG_WARN_OBJC_IMPLICIT_RETAIN_SELF = YES;
				CLANG_WARN_OBJC_LITERAL_CONVERSION = YES;
				CLANG_WARN_OBJC_ROOT_CLASS = YES_ERROR;
				CLANG_WARN_QUOTED_INCLUDE_IN_FRAMEWORK_HEADER = YES;
				CLANG_WARN_RANGE_LOOP_ANALYSIS = YES;
				CLANG_WARN_STRICT_PROTOTYPES = YES;
				CLANG_WARN_SUSPICIOUS_MOVE = YES;
				CLANG_WARN_UNGUARDED_AVAILABILITY = YES_AGGRESSIVE;
				CLANG_WARN_UNREACHABLE_CODE = YES;
				CLANG_WARN__DUPLICATE_METHOD_MATCH = YES;
				COPY_PHASE_STRIP = NO;
				DEBUG_INFORMATION_FORMAT = dwarf;
				ENABLE_STRICT_OBJC_MSGSEND = YES;
				ENABLE_TESTABILITY = YES;
				ENABLE_USER_SCRIPT_SANDBOXING = YES;
				GCC_C_LANGUAGE_STANDARD = gnu17;
				GCC_DYNAMIC_NO_PIC = NO;
				GCC_NO_COMMON_BLOCKS = YES;
				GCC_OPTIMIZATION_LEVEL = 0;
				GCC_PREPROCESSOR_DEFINITIONS = (
					"DEBUG=1",
					"$(inherited)",
				);
				GCC_WARN_64_TO_32_BIT_CONVERSION = YES;
				GCC_WARN_ABOUT_RETURN_TYPE = YES_ERROR;
				GCC_WARN_UNDECLARED_SELECTOR = YES;
				GCC_WARN_UNINITIALIZED_AUTOS = YES_AGGRESSIVE;
				GCC_WARN_UNUSED_FUNCTION = YES;
				GCC_WARN_UNUSED_VARIABLE = YES;
				IPHONEOS_DEPLOYMENT_TARGET = 18.0;
				LOCALIZATION_PREFERS_STRING_CATALOGS = YES;
				MTL_ENABLE_DEBUG_INFO = INCLUDE_SOURCE;
				MTL_FAST_MATH = YES;
				ONLY_ACTIVE_ARCH = YES;
				SDKROOT = iphoneos;
				SWIFT_ACTIVE_COMPILATION_CONDITIONS = "DEBUG $(inherited)";
				SWIFT_OPTIMIZATION_LEVEL = "-Onone";
			};
			name = Debug;
		};
		4902908A2C9C23290090BF87 /* Release */ = {
			isa = XCBuildConfiguration;
			buildSettings = {
				ALWAYS_SEARCH_USER_PATHS = NO;
				ASSETCATALOG_COMPILER_GENERATE_SWIFT_ASSET_SYMBOL_EXTENSIONS = YES;
				CLANG_ANALYZER_NONNULL = YES;
				CLANG_ANALYZER_NUMBER_OBJECT_CONVERSION = YES_AGGRESSIVE;
				CLANG_CXX_LANGUAGE_STANDARD = "gnu++20";
				CLANG_ENABLE_MODULES = YES;
				CLANG_ENABLE_OBJC_ARC = YES;
				CLANG_ENABLE_OBJC_WEAK = YES;
				CLANG_WARN_BLOCK_CAPTURE_AUTORELEASING = YES;
				CLANG_WARN_BOOL_CONVERSION = YES;
				CLANG_WARN_COMMA = YES;
				CLANG_WARN_CONSTANT_CONVERSION = YES;
				CLANG_WARN_DEPRECATED_OBJC_IMPLEMENTATIONS = YES;
				CLANG_WARN_DIRECT_OBJC_ISA_USAGE = YES_ERROR;
				CLANG_WARN_DOCUMENTATION_COMMENTS = YES;
				CLANG_WARN_EMPTY_BODY = YES;
				CLANG_WARN_ENUM_CONVERSION = YES;
				CLANG_WARN_INFINITE_RECURSION = YES;
				CLANG_WARN_INT_CONVERSION = YES;
				CLANG_WARN_NON_LITERAL_NULL_CONVERSION = YES;
				CLANG_WARN_OBJC_IMPLICIT_RETAIN_SELF = YES;
				CLANG_WARN_OBJC_LITERAL_CONVERSION = YES;
				CLANG_WARN_OBJC_ROOT_CLASS = YES_ERROR;
				CLANG_WARN_QUOTED_INCLUDE_IN_FRAMEWORK_HEADER = YES;
				CLANG_WARN_RANGE_LOOP_ANALYSIS = YES;
				CLANG_WARN_STRICT_PROTOTYPES = YES;
				CLANG_WARN_SUSPICIOUS_MOVE = YES;
				CLANG_WARN_UNGUARDED_AVAILABILITY = YES_AGGRESSIVE;
				CLANG_WARN_UNREACHABLE_CODE = YES;
				CLANG_WARN__DUPLICATE_METHOD_MATCH = YES;
				COPY_PHASE_STRIP = NO;
				DEBUG_INFORMATION_FORMAT = "dwarf-with-dsym";
				ENABLE_NS_ASSERTIONS = NO;
				ENABLE_STRICT_OBJC_MSGSEND = YES;
				ENABLE_USER_SCRIPT_SANDBOXING = YES;
				GCC_C_LANGUAGE_STANDARD = gnu17;
				GCC_NO_COMMON_BLOCKS = YES;
				GCC_WARN_64_TO_32_BIT_CONVERSION = YES;
				GCC_WARN_ABOUT_RETURN_TYPE = YES_ERROR;
				GCC_WARN_UNDECLARED_SELECTOR = YES;
				GCC_WARN_UNINITIALIZED_AUTOS = YES_AGGRESSIVE;
				GCC_WARN_UNUSED_FUNCTION = YES;
				GCC_WARN_UNUSED_VARIABLE = YES;
				IPHONEOS_DEPLOYMENT_TARGET = 18.0;
				LOCALIZATION_PREFERS_STRING_CATALOGS = YES;
				MTL_ENABLE_DEBUG_INFO = NO;
				MTL_FAST_MATH = YES;
				SDKROOT = iphoneos;
				SWIFT_COMPILATION_MODE = wholemodule;
				VALIDATE_PRODUCT = YES;
			};
			name = Release;
		};
		4902908C2C9C23290090BF87 /* Debug */ = {
			isa = XCBuildConfiguration;
			buildSettings = {
				BUNDLE_LOADER = "$(TEST_HOST)";
				CODE_SIGN_STYLE = Automatic;
				CURRENT_PROJECT_VERSION = 1;
				DEVELOPMENT_TEAM = 7GQ9536ARF;
				GENERATE_INFOPLIST_FILE = YES;
				IPHONEOS_DEPLOYMENT_TARGET = 18.0;
				MARKETING_VERSION = 1.0;
				PRODUCT_BUNDLE_IDENTIFIER = comkkme.MasteringUIKitTests;
				PRODUCT_NAME = "$(TARGET_NAME)";
				SWIFT_EMIT_LOC_STRINGS = NO;
				SWIFT_VERSION = 5.0;
				TARGETED_DEVICE_FAMILY = "1,2";
				TEST_HOST = "$(BUILT_PRODUCTS_DIR)/MasteringUIKit.app/$(BUNDLE_EXECUTABLE_FOLDER_PATH)/MasteringUIKit";
			};
			name = Debug;
		};
		4902908D2C9C23290090BF87 /* Release */ = {
			isa = XCBuildConfiguration;
			buildSettings = {
				BUNDLE_LOADER = "$(TEST_HOST)";
				CODE_SIGN_STYLE = Automatic;
				CURRENT_PROJECT_VERSION = 1;
				DEVELOPMENT_TEAM = 7GQ9536ARF;
				GENERATE_INFOPLIST_FILE = YES;
				IPHONEOS_DEPLOYMENT_TARGET = 18.0;
				MARKETING_VERSION = 1.0;
				PRODUCT_BUNDLE_IDENTIFIER = comkkme.MasteringUIKitTests;
				PRODUCT_NAME = "$(TARGET_NAME)";
				SWIFT_EMIT_LOC_STRINGS = NO;
				SWIFT_VERSION = 5.0;
				TARGETED_DEVICE_FAMILY = "1,2";
				TEST_HOST = "$(BUILT_PRODUCTS_DIR)/MasteringUIKit.app/$(BUNDLE_EXECUTABLE_FOLDER_PATH)/MasteringUIKit";
			};
			name = Release;
		};
		4902908F2C9C23290090BF87 /* Debug */ = {
			isa = XCBuildConfiguration;
			buildSettings = {
				CODE_SIGN_STYLE = Automatic;
				CURRENT_PROJECT_VERSION = 1;
				DEVELOPMENT_TEAM = 7GQ9536ARF;
				GENERATE_INFOPLIST_FILE = YES;
				MARKETING_VERSION = 1.0;
				PRODUCT_BUNDLE_IDENTIFIER = comkkme.MasteringUIKitUITests;
				PRODUCT_NAME = "$(TARGET_NAME)";
				SWIFT_EMIT_LOC_STRINGS = NO;
				SWIFT_VERSION = 5.0;
				TARGETED_DEVICE_FAMILY = "1,2";
				TEST_TARGET_NAME = MasteringUIKit;
			};
			name = Debug;
		};
		490290902C9C23290090BF87 /* Release */ = {
			isa = XCBuildConfiguration;
			buildSettings = {
				CODE_SIGN_STYLE = Automatic;
				CURRENT_PROJECT_VERSION = 1;
				DEVELOPMENT_TEAM = 7GQ9536ARF;
				GENERATE_INFOPLIST_FILE = YES;
				MARKETING_VERSION = 1.0;
				PRODUCT_BUNDLE_IDENTIFIER = comkkme.MasteringUIKitUITests;
				PRODUCT_NAME = "$(TARGET_NAME)";
				SWIFT_EMIT_LOC_STRINGS = NO;
				SWIFT_VERSION = 5.0;
				TARGETED_DEVICE_FAMILY = "1,2";
				TEST_TARGET_NAME = MasteringUIKit;
			};
			name = Release;
		};
/* End XCBuildConfiguration section */

/* Begin XCConfigurationList section */
		490290582C9C23280090BF87 /* Build configuration list for PBXProject "MasteringUIKit" */ = {
			isa = XCConfigurationList;
			buildConfigurations = (
				490290892C9C23290090BF87 /* Debug */,
				4902908A2C9C23290090BF87 /* Release */,
			);
			defaultConfigurationIsVisible = 0;
			defaultConfigurationName = Release;
		};
		490290862C9C23290090BF87 /* Build configuration list for PBXNativeTarget "MasteringUIKit" */ = {
			isa = XCConfigurationList;
			buildConfigurations = (
				490290872C9C23290090BF87 /* Debug */,
				490290882C9C23290090BF87 /* Release */,
			);
			defaultConfigurationIsVisible = 0;
			defaultConfigurationName = Release;
		};
		4902908B2C9C23290090BF87 /* Build configuration list for PBXNativeTarget "MasteringUIKitTests" */ = {
			isa = XCConfigurationList;
			buildConfigurations = (
				4902908C2C9C23290090BF87 /* Debug */,
				4902908D2C9C23290090BF87 /* Release */,
			);
			defaultConfigurationIsVisible = 0;
			defaultConfigurationName = Release;
		};
		4902908E2C9C23290090BF87 /* Build configuration list for PBXNativeTarget "MasteringUIKitUITests" */ = {
			isa = XCConfigurationList;
			buildConfigurations = (
				4902908F2C9C23290090BF87 /* Debug */,
				490290902C9C23290090BF87 /* Release */,
			);
			defaultConfigurationIsVisible = 0;
			defaultConfigurationName = Release;
		};
/* End XCConfigurationList section */
	};
	rootObject = 490290552C9C23280090BF87 /* Project object */;
}
